// !$*UTF8*$!
{
	archiveVersion = 1;
	classes = {
	};
	objectVersion = 46;
	objects = {

/* Begin PBXBuildFile section */
		02662D490EACE18ADEB698C1 /* Pods_WeatherBaerSwift.framework in Frameworks */ = {isa = PBXBuildFile; fileRef = B34407FF94C89F3D0BA1AD75 /* Pods_WeatherBaerSwift.framework */; };
		711E1A831C5C24BE006CF388 /* EventKit.framework in Frameworks */ = {isa = PBXBuildFile; fileRef = 711E1A821C5C24BE006CF388 /* EventKit.framework */; };
		71A08A851C5C823D00AE26F4 /* CoreLocation.framework in Frameworks */ = {isa = PBXBuildFile; fileRef = 71A08A841C5C823D00AE26F4 /* CoreLocation.framework */; };
		71CD80EF1C5B283000C8B4E5 /* AppDelegate.swift in Sources */ = {isa = PBXBuildFile; fileRef = 71CD80EE1C5B283000C8B4E5 /* AppDelegate.swift */; };
		71CD80F41C5B283000C8B4E5 /* Main.storyboard in Resources */ = {isa = PBXBuildFile; fileRef = 71CD80F21C5B283000C8B4E5 /* Main.storyboard */; };
		71CD80F61C5B283000C8B4E5 /* Assets.xcassets in Resources */ = {isa = PBXBuildFile; fileRef = 71CD80F51C5B283000C8B4E5 /* Assets.xcassets */; };
		71CD80F91C5B283000C8B4E5 /* LaunchScreen.storyboard in Resources */ = {isa = PBXBuildFile; fileRef = 71CD80F71C5B283000C8B4E5 /* LaunchScreen.storyboard */; };
		71CD81041C5B283000C8B4E5 /* WeatherBaerSwiftTests.swift in Sources */ = {isa = PBXBuildFile; fileRef = 71CD81031C5B283000C8B4E5 /* WeatherBaerSwiftTests.swift */; };
		71CD810F1C5B285C00C8B4E5 /* podfile in Resources */ = {isa = PBXBuildFile; fileRef = 71CD810E1C5B285C00C8B4E5 /* podfile */; };
		71CD81111C5B2B6500C8B4E5 /* DailyTableViewController.swift in Sources */ = {isa = PBXBuildFile; fileRef = 71CD81101C5B2B6500C8B4E5 /* DailyTableViewController.swift */; };
		71CD81131C5B389300C8B4E5 /* DetailViewController.swift in Sources */ = {isa = PBXBuildFile; fileRef = 71CD81121C5B389300C8B4E5 /* DetailViewController.swift */; };
/* End PBXBuildFile section */

/* Begin PBXContainerItemProxy section */
		71CD81001C5B283000C8B4E5 /* PBXContainerItemProxy */ = {
			isa = PBXContainerItemProxy;
			containerPortal = 71CD80E31C5B283000C8B4E5 /* Project object */;
			proxyType = 1;
			remoteGlobalIDString = 71CD80EA1C5B283000C8B4E5;
			remoteInfo = WeatherBaerSwift;
		};
/* End PBXContainerItemProxy section */

/* Begin PBXFileReference section */
		711E1A821C5C24BE006CF388 /* EventKit.framework */ = {isa = PBXFileReference; lastKnownFileType = wrapper.framework; name = EventKit.framework; path = System/Library/Frameworks/EventKit.framework; sourceTree = SDKROOT; };
		71A08A841C5C823D00AE26F4 /* CoreLocation.framework */ = {isa = PBXFileReference; lastKnownFileType = wrapper.framework; name = CoreLocation.framework; path = System/Library/Frameworks/CoreLocation.framework; sourceTree = SDKROOT; };
		71CD80EB1C5B283000C8B4E5 /* WeatherBaerSwift.app */ = {isa = PBXFileReference; explicitFileType = wrapper.application; includeInIndex = 0; path = WeatherBaerSwift.app; sourceTree = BUILT_PRODUCTS_DIR; };
		71CD80EE1C5B283000C8B4E5 /* AppDelegate.swift */ = {isa = PBXFileReference; lastKnownFileType = sourcecode.swift; path = AppDelegate.swift; sourceTree = "<group>"; };
		71CD80F31C5B283000C8B4E5 /* Base */ = {isa = PBXFileReference; lastKnownFileType = file.storyboard; name = Base; path = Base.lproj/Main.storyboard; sourceTree = "<group>"; };
		71CD80F51C5B283000C8B4E5 /* Assets.xcassets */ = {isa = PBXFileReference; lastKnownFileType = folder.assetcatalog; path = Assets.xcassets; sourceTree = "<group>"; };
		71CD80F81C5B283000C8B4E5 /* Base */ = {isa = PBXFileReference; lastKnownFileType = file.storyboard; name = Base; path = Base.lproj/LaunchScreen.storyboard; sourceTree = "<group>"; };
		71CD80FA1C5B283000C8B4E5 /* Info.plist */ = {isa = PBXFileReference; lastKnownFileType = text.plist.xml; path = Info.plist; sourceTree = "<group>"; };
		71CD80FF1C5B283000C8B4E5 /* WeatherBaerSwiftTests.xctest */ = {isa = PBXFileReference; explicitFileType = wrapper.cfbundle; includeInIndex = 0; path = WeatherBaerSwiftTests.xctest; sourceTree = BUILT_PRODUCTS_DIR; };
		71CD81031C5B283000C8B4E5 /* WeatherBaerSwiftTests.swift */ = {isa = PBXFileReference; lastKnownFileType = sourcecode.swift; path = WeatherBaerSwiftTests.swift; sourceTree = "<group>"; };
		71CD81051C5B283000C8B4E5 /* Info.plist */ = {isa = PBXFileReference; lastKnownFileType = text.plist.xml; path = Info.plist; sourceTree = "<group>"; };
		71CD810E1C5B285C00C8B4E5 /* podfile */ = {isa = PBXFileReference; fileEncoding = 4; lastKnownFileType = text; path = podfile; sourceTree = SOURCE_ROOT; };
		71CD81101C5B2B6500C8B4E5 /* DailyTableViewController.swift */ = {isa = PBXFileReference; fileEncoding = 4; lastKnownFileType = sourcecode.swift; path = DailyTableViewController.swift; sourceTree = "<group>"; };
		71CD81121C5B389300C8B4E5 /* DetailViewController.swift */ = {isa = PBXFileReference; fileEncoding = 4; lastKnownFileType = sourcecode.swift; path = DetailViewController.swift; sourceTree = "<group>"; };
		7D85810578346F48B829DEAE /* Pods.framework */ = {isa = PBXFileReference; explicitFileType = wrapper.framework; includeInIndex = 0; path = Pods.framework; sourceTree = BUILT_PRODUCTS_DIR; };
		A30CE8AA36B05719D78CB798 /* Pods-WeatherBaerSwift.debug.xcconfig */ = {isa = PBXFileReference; includeInIndex = 1; lastKnownFileType = text.xcconfig; name = "Pods-WeatherBaerSwift.debug.xcconfig"; path = "Pods/Target Support Files/Pods-WeatherBaerSwift/Pods-WeatherBaerSwift.debug.xcconfig"; sourceTree = "<group>"; };
		A41DE3AFD2E8BFCF8A626153 /* Pods-WeatherBaerSwift.release.xcconfig */ = {isa = PBXFileReference; includeInIndex = 1; lastKnownFileType = text.xcconfig; name = "Pods-WeatherBaerSwift.release.xcconfig"; path = "Pods/Target Support Files/Pods-WeatherBaerSwift/Pods-WeatherBaerSwift.release.xcconfig"; sourceTree = "<group>"; };
		B34407FF94C89F3D0BA1AD75 /* Pods_WeatherBaerSwift.framework */ = {isa = PBXFileReference; explicitFileType = wrapper.framework; includeInIndex = 0; path = Pods_WeatherBaerSwift.framework; sourceTree = BUILT_PRODUCTS_DIR; };
/* End PBXFileReference section */

/* Begin PBXFrameworksBuildPhase section */
		71CD80E81C5B283000C8B4E5 /* Frameworks */ = {
			isa = PBXFrameworksBuildPhase;
			buildActionMask = 2147483647;
			files = (
				71A08A851C5C823D00AE26F4 /* CoreLocation.framework in Frameworks */,
				711E1A831C5C24BE006CF388 /* EventKit.framework in Frameworks */,
				02662D490EACE18ADEB698C1 /* Pods_WeatherBaerSwift.framework in Frameworks */,
			);
			runOnlyForDeploymentPostprocessing = 0;
		};
		71CD80FC1C5B283000C8B4E5 /* Frameworks */ = {
			isa = PBXFrameworksBuildPhase;
			buildActionMask = 2147483647;
			files = (
			);
			runOnlyForDeploymentPostprocessing = 0;
		};
/* End PBXFrameworksBuildPhase section */

/* Begin PBXGroup section */
		220638481B2109BC4EFBD741 /* Frameworks */ = {
			isa = PBXGroup;
			children = (
				71A08A841C5C823D00AE26F4 /* CoreLocation.framework */,
				711E1A821C5C24BE006CF388 /* EventKit.framework */,
				7D85810578346F48B829DEAE /* Pods.framework */,
				B34407FF94C89F3D0BA1AD75 /* Pods_WeatherBaerSwift.framework */,
			);
			name = Frameworks;
			sourceTree = "<group>";
		};
		71CD80E21C5B283000C8B4E5 = {
			isa = PBXGroup;
			children = (
				71CD80ED1C5B283000C8B4E5 /* WeatherBaerSwift */,
				71CD81021C5B283000C8B4E5 /* WeatherBaerSwiftTests */,
				71CD80EC1C5B283000C8B4E5 /* Products */,
				220638481B2109BC4EFBD741 /* Frameworks */,
				BA7E83EF319F8289DA7213B2 /* Pods */,
			);
			sourceTree = "<group>";
		};
		71CD80EC1C5B283000C8B4E5 /* Products */ = {
			isa = PBXGroup;
			children = (
				71CD80EB1C5B283000C8B4E5 /* WeatherBaerSwift.app */,
				71CD80FF1C5B283000C8B4E5 /* WeatherBaerSwiftTests.xctest */,
			);
			name = Products;
			sourceTree = "<group>";
		};
		71CD80ED1C5B283000C8B4E5 /* WeatherBaerSwift */ = {
			isa = PBXGroup;
			children = (
				71CD80EE1C5B283000C8B4E5 /* AppDelegate.swift */,
				71CD81101C5B2B6500C8B4E5 /* DailyTableViewController.swift */,
				71CD81121C5B389300C8B4E5 /* DetailViewController.swift */,
				71CD80F21C5B283000C8B4E5 /* Main.storyboard */,
				71CD80F51C5B283000C8B4E5 /* Assets.xcassets */,
				71CD80F71C5B283000C8B4E5 /* LaunchScreen.storyboard */,
				71CD80FA1C5B283000C8B4E5 /* Info.plist */,
				71CD810E1C5B285C00C8B4E5 /* podfile */,
			);
			path = WeatherBaerSwift;
			sourceTree = "<group>";
		};
		71CD81021C5B283000C8B4E5 /* WeatherBaerSwiftTests */ = {
			isa = PBXGroup;
			children = (
				71CD81031C5B283000C8B4E5 /* WeatherBaerSwiftTests.swift */,
				71CD81051C5B283000C8B4E5 /* Info.plist */,
			);
			path = WeatherBaerSwiftTests;
			sourceTree = "<group>";
		};
		BA7E83EF319F8289DA7213B2 /* Pods */ = {
			isa = PBXGroup;
			children = (
				A30CE8AA36B05719D78CB798 /* Pods-WeatherBaerSwift.debug.xcconfig */,
				A41DE3AFD2E8BFCF8A626153 /* Pods-WeatherBaerSwift.release.xcconfig */,
			);
			name = Pods;
			sourceTree = "<group>";
		};
/* End PBXGroup section */

/* Begin PBXNativeTarget section */
		71CD80EA1C5B283000C8B4E5 /* WeatherBaerSwift */ = {
			isa = PBXNativeTarget;
			buildConfigurationList = 71CD81081C5B283000C8B4E5 /* Build configuration list for PBXNativeTarget "WeatherBaerSwift" */;
			buildPhases = (
				D4172E29B82A9FE93BCC08C6 /* [CP] Check Pods Manifest.lock */,
				71CD80E71C5B283000C8B4E5 /* Sources */,
				71CD80E81C5B283000C8B4E5 /* Frameworks */,
				71CD80E91C5B283000C8B4E5 /* Resources */,
				AF82EF3D521DFA182BBD1DB9 /* [CP] Embed Pods Frameworks */,
				2AE50BC0CD05C5F79F1BE760 /* [CP] Copy Pods Resources */,
			);
			buildRules = (
			);
			dependencies = (
			);
			name = WeatherBaerSwift;
			productName = WeatherBaerSwift;
			productReference = 71CD80EB1C5B283000C8B4E5 /* WeatherBaerSwift.app */;
			productType = "com.apple.product-type.application";
		};
		71CD80FE1C5B283000C8B4E5 /* WeatherBaerSwiftTests */ = {
			isa = PBXNativeTarget;
			buildConfigurationList = 71CD810B1C5B283000C8B4E5 /* Build configuration list for PBXNativeTarget "WeatherBaerSwiftTests" */;
			buildPhases = (
				71CD80FB1C5B283000C8B4E5 /* Sources */,
				71CD80FC1C5B283000C8B4E5 /* Frameworks */,
				71CD80FD1C5B283000C8B4E5 /* Resources */,
			);
			buildRules = (
			);
			dependencies = (
				71CD81011C5B283000C8B4E5 /* PBXTargetDependency */,
			);
			name = WeatherBaerSwiftTests;
			productName = WeatherBaerSwiftTests;
			productReference = 71CD80FF1C5B283000C8B4E5 /* WeatherBaerSwiftTests.xctest */;
			productType = "com.apple.product-type.bundle.unit-test";
		};
/* End PBXNativeTarget section */

/* Begin PBXProject section */
		71CD80E31C5B283000C8B4E5 /* Project object */ = {
			isa = PBXProject;
			attributes = {
				LastSwiftUpdateCheck = 0720;
				LastUpgradeCheck = 0820;
				ORGANIZATIONNAME = BaerCode;
				TargetAttributes = {
					71CD80EA1C5B283000C8B4E5 = {
						CreatedOnToolsVersion = 7.2;
						DevelopmentTeam = 98TTG6324Z;
						LastSwiftMigration = 0820;
					};
					71CD80FE1C5B283000C8B4E5 = {
						CreatedOnToolsVersion = 7.2;
						LastSwiftMigration = 0820;
						TestTargetID = 71CD80EA1C5B283000C8B4E5;
					};
				};
			};
			buildConfigurationList = 71CD80E61C5B283000C8B4E5 /* Build configuration list for PBXProject "WeatherBaerSwift" */;
			compatibilityVersion = "Xcode 3.2";
			developmentRegion = English;
			hasScannedForEncodings = 0;
			knownRegions = (
				en,
				Base,
			);
			mainGroup = 71CD80E21C5B283000C8B4E5;
			productRefGroup = 71CD80EC1C5B283000C8B4E5 /* Products */;
			projectDirPath = "";
			projectRoot = "";
			targets = (
				71CD80EA1C5B283000C8B4E5 /* WeatherBaerSwift */,
				71CD80FE1C5B283000C8B4E5 /* WeatherBaerSwiftTests */,
			);
		};
/* End PBXProject section */

/* Begin PBXResourcesBuildPhase section */
		71CD80E91C5B283000C8B4E5 /* Resources */ = {
			isa = PBXResourcesBuildPhase;
			buildActionMask = 2147483647;
			files = (
				71CD810F1C5B285C00C8B4E5 /* podfile in Resources */,
				71CD80F91C5B283000C8B4E5 /* LaunchScreen.storyboard in Resources */,
				71CD80F61C5B283000C8B4E5 /* Assets.xcassets in Resources */,
				71CD80F41C5B283000C8B4E5 /* Main.storyboard in Resources */,
			);
			runOnlyForDeploymentPostprocessing = 0;
		};
		71CD80FD1C5B283000C8B4E5 /* Resources */ = {
			isa = PBXResourcesBuildPhase;
			buildActionMask = 2147483647;
			files = (
			);
			runOnlyForDeploymentPostprocessing = 0;
		};
/* End PBXResourcesBuildPhase section */

/* Begin PBXShellScriptBuildPhase section */
		2AE50BC0CD05C5F79F1BE760 /* [CP] Copy Pods Resources */ = {
			isa = PBXShellScriptBuildPhase;
			buildActionMask = 2147483647;
			files = (
			);
			inputPaths = (
			);
			name = "[CP] Copy Pods Resources";
			outputPaths = (
			);
			runOnlyForDeploymentPostprocessing = 0;
			shellPath = /bin/sh;
			shellScript = "\"${SRCROOT}/Pods/Target Support Files/Pods-WeatherBaerSwift/Pods-WeatherBaerSwift-resources.sh\"\n";
			showEnvVarsInLog = 0;
		};
		AF82EF3D521DFA182BBD1DB9 /* [CP] Embed Pods Frameworks */ = {
			isa = PBXShellScriptBuildPhase;
			buildActionMask = 2147483647;
			files = (
			);
			inputPaths = (
			);
			name = "[CP] Embed Pods Frameworks";
			outputPaths = (
			);
			runOnlyForDeploymentPostprocessing = 0;
			shellPath = /bin/sh;
			shellScript = "\"${SRCROOT}/Pods/Target Support Files/Pods-WeatherBaerSwift/Pods-WeatherBaerSwift-frameworks.sh\"\n";
			showEnvVarsInLog = 0;
		};
		D4172E29B82A9FE93BCC08C6 /* [CP] Check Pods Manifest.lock */ = {
			isa = PBXShellScriptBuildPhase;
			buildActionMask = 2147483647;
			files = (
			);
			inputPaths = (
			);
			name = "[CP] Check Pods Manifest.lock";
			outputPaths = (
			);
			runOnlyForDeploymentPostprocessing = 0;
			shellPath = /bin/sh;
			shellScript = "diff \"${PODS_ROOT}/../Podfile.lock\" \"${PODS_ROOT}/Manifest.lock\" > /dev/null\nif [ $? != 0 ] ; then\n    # print error to STDERR\n    echo \"error: The sandbox is not in sync with the Podfile.lock. Run 'pod install' or update your CocoaPods installation.\" >&2\n    exit 1\nfi\n";
			showEnvVarsInLog = 0;
		};
/* End PBXShellScriptBuildPhase section */

/* Begin PBXSourcesBuildPhase section */
		71CD80E71C5B283000C8B4E5 /* Sources */ = {
			isa = PBXSourcesBuildPhase;
			buildActionMask = 2147483647;
			files = (
				71CD81131C5B389300C8B4E5 /* DetailViewController.swift in Sources */,
				71CD80EF1C5B283000C8B4E5 /* AppDelegate.swift in Sources */,
				71CD81111C5B2B6500C8B4E5 /* DailyTableViewController.swift in Sources */,
			);
			runOnlyForDeploymentPostprocessing = 0;
		};
		71CD80FB1C5B283000C8B4E5 /* Sources */ = {
			isa = PBXSourcesBuildPhase;
			buildActionMask = 2147483647;
			files = (
				71CD81041C5B283000C8B4E5 /* WeatherBaerSwiftTests.swift in Sources */,
			);
			runOnlyForDeploymentPostprocessing = 0;
		};
/* End PBXSourcesBuildPhase section */

/* Begin PBXTargetDependency section */
		71CD81011C5B283000C8B4E5 /* PBXTargetDependency */ = {
			isa = PBXTargetDependency;
			target = 71CD80EA1C5B283000C8B4E5 /* WeatherBaerSwift */;
			targetProxy = 71CD81001C5B283000C8B4E5 /* PBXContainerItemProxy */;
		};
/* End PBXTargetDependency section */

/* Begin PBXVariantGroup section */
		71CD80F21C5B283000C8B4E5 /* Main.storyboard */ = {
			isa = PBXVariantGroup;
			children = (
				71CD80F31C5B283000C8B4E5 /* Base */,
			);
			name = Main.storyboard;
			sourceTree = "<group>";
		};
		71CD80F71C5B283000C8B4E5 /* LaunchScreen.storyboard */ = {
			isa = PBXVariantGroup;
			children = (
				71CD80F81C5B283000C8B4E5 /* Base */,
			);
			name = LaunchScreen.storyboard;
			sourceTree = "<group>";
		};
/* End PBXVariantGroup section */

/* Begin XCBuildConfiguration section */
		71CD81061C5B283000C8B4E5 /* Debug */ = {
			isa = XCBuildConfiguration;
			buildSettings = {
				ALWAYS_SEARCH_USER_PATHS = NO;
				CLANG_CXX_LANGUAGE_STANDARD = "gnu++0x";
				CLANG_CXX_LIBRARY = "libc++";
				CLANG_ENABLE_MODULES = YES;
				CLANG_ENABLE_OBJC_ARC = YES;
				CLANG_WARN_BOOL_CONVERSION = YES;
				CLANG_WARN_CONSTANT_CONVERSION = YES;
				CLANG_WARN_DIRECT_OBJC_ISA_USAGE = YES_ERROR;
				CLANG_WARN_EMPTY_BODY = YES;
				CLANG_WARN_ENUM_CONVERSION = YES;
				CLANG_WARN_INFINITE_RECURSION = YES;
				CLANG_WARN_INT_CONVERSION = YES;
				CLANG_WARN_OBJC_ROOT_CLASS = YES_ERROR;
				CLANG_WARN_SUSPICIOUS_MOVE = YES;
				CLANG_WARN_UNREACHABLE_CODE = YES;
				CLANG_WARN__DUPLICATE_METHOD_MATCH = YES;
				"CODE_SIGN_IDENTITY[sdk=iphoneos*]" = "iPhone Developer";
				COPY_PHASE_STRIP = NO;
				DEBUG_INFORMATION_FORMAT = dwarf;
				ENABLE_STRICT_OBJC_MSGSEND = YES;
				ENABLE_TESTABILITY = YES;
				GCC_C_LANGUAGE_STANDARD = gnu99;
				GCC_DYNAMIC_NO_PIC = NO;
				GCC_NO_COMMON_BLOCKS = YES;
				GCC_OPTIMIZATION_LEVEL = 0;
				GCC_PREPROCESSOR_DEFINITIONS = (
					"DEBUG=1",
					"$(inherited)",
				);
				GCC_WARN_64_TO_32_BIT_CONVERSION = YES;
				GCC_WARN_ABOUT_RETURN_TYPE = YES_ERROR;
				GCC_WARN_UNDECLARED_SELECTOR = YES;
				GCC_WARN_UNINITIALIZED_AUTOS = YES_AGGRESSIVE;
				GCC_WARN_UNUSED_FUNCTION = YES;
				GCC_WARN_UNUSED_VARIABLE = YES;
				IPHONEOS_DEPLOYMENT_TARGET = 9.2;
				MTL_ENABLE_DEBUG_INFO = YES;
				ONLY_ACTIVE_ARCH = YES;
				SDKROOT = iphoneos;
				SWIFT_OPTIMIZATION_LEVEL = "-Onone";
				TARGETED_DEVICE_FAMILY = "1,2";
			};
			name = Debug;
		};
		71CD81071C5B283000C8B4E5 /* Release */ = {
			isa = XCBuildConfiguration;
			buildSettings = {
				ALWAYS_SEARCH_USER_PATHS = NO;
				CLANG_CXX_LANGUAGE_STANDARD = "gnu++0x";
				CLANG_CXX_LIBRARY = "libc++";
				CLANG_ENABLE_MODULES = YES;
				CLANG_ENABLE_OBJC_ARC = YES;
				CLANG_WARN_BOOL_CONVERSION = YES;
				CLANG_WARN_CONSTANT_CONVERSION = YES;
				CLANG_WARN_DIRECT_OBJC_ISA_USAGE = YES_ERROR;
				CLANG_WARN_EMPTY_BODY = YES;
				CLANG_WARN_ENUM_CONVERSION = YES;
				CLANG_WARN_INFINITE_RECURSION = YES;
				CLANG_WARN_INT_CONVERSION = YES;
				CLANG_WARN_OBJC_ROOT_CLASS = YES_ERROR;
				CLANG_WARN_SUSPICIOUS_MOVE = YES;
				CLANG_WARN_UNREACHABLE_CODE = YES;
				CLANG_WARN__DUPLICATE_METHOD_MATCH = YES;
				"CODE_SIGN_IDENTITY[sdk=iphoneos*]" = "iPhone Developer";
				COPY_PHASE_STRIP = NO;
				DEBUG_INFORMATION_FORMAT = "dwarf-with-dsym";
				ENABLE_NS_ASSERTIONS = NO;
				ENABLE_STRICT_OBJC_MSGSEND = YES;
				GCC_C_LANGUAGE_STANDARD = gnu99;
				GCC_NO_COMMON_BLOCKS = YES;
				GCC_WARN_64_TO_32_BIT_CONVERSION = YES;
				GCC_WARN_ABOUT_RETURN_TYPE = YES_ERROR;
				GCC_WARN_UNDECLARED_SELECTOR = YES;
				GCC_WARN_UNINITIALIZED_AUTOS = YES_AGGRESSIVE;
				GCC_WARN_UNUSED_FUNCTION = YES;
				GCC_WARN_UNUSED_VARIABLE = YES;
				IPHONEOS_DEPLOYMENT_TARGET = 9.2;
				MTL_ENABLE_DEBUG_INFO = NO;
				SDKROOT = iphoneos;
				SWIFT_OPTIMIZATION_LEVEL = "-Owholemodule";
				TARGETED_DEVICE_FAMILY = "1,2";
				VALIDATE_PRODUCT = YES;
			};
			name = Release;
		};
		71CD81091C5B283000C8B4E5 /* Debug */ = {
			isa = XCBuildConfiguration;
			baseConfigurationReference = A30CE8AA36B05719D78CB798 /* Pods-WeatherBaerSwift.debug.xcconfig */;
			buildSettings = {
				ALWAYS_EMBED_SWIFT_STANDARD_LIBRARIES = YES;
				ASSETCATALOG_COMPILER_APPICON_NAME = AppIcon;
				DEVELOPMENT_TEAM = 98TTG6324Z;
				INFOPLIST_FILE = WeatherBaerSwift/Info.plist;
				IPHONEOS_DEPLOYMENT_TARGET = 9.2;
				LD_RUNPATH_SEARCH_PATHS = "$(inherited) @executable_path/Frameworks";
				PRODUCT_BUNDLE_IDENTIFIER = com.baercode.WeatherBaerSwift;
				PRODUCT_NAME = "$(TARGET_NAME)";
				SWIFT_VERSION = 3.0;
			};
			name = Debug;
		};
		71CD810A1C5B283000C8B4E5 /* Release */ = {
			isa = XCBuildConfiguration;
			baseConfigurationReference = A41DE3AFD2E8BFCF8A626153 /* Pods-WeatherBaerSwift.release.xcconfig */;
			buildSettings = {
				ALWAYS_EMBED_SWIFT_STANDARD_LIBRARIES = YES;
				ASSETCATALOG_COMPILER_APPICON_NAME = AppIcon;
				DEVELOPMENT_TEAM = 98TTG6324Z;
				INFOPLIST_FILE = WeatherBaerSwift/Info.plist;
				IPHONEOS_DEPLOYMENT_TARGET = 9.2;
				LD_RUNPATH_SEARCH_PATHS = "$(inherited) @executable_path/Frameworks";
				PRODUCT_BUNDLE_IDENTIFIER = com.baercode.WeatherBaerSwift;
				PRODUCT_NAME = "$(TARGET_NAME)";
				SWIFT_VERSION = 3.0;
			};
			name = Release;
		};
		71CD810C1C5B283000C8B4E5 /* Debug */ = {
			isa = XCBuildConfiguration;
			buildSettings = {
				BUNDLE_LOADER = "$(TEST_HOST)";
				INFOPLIST_FILE = WeatherBaerSwiftTests/Info.plist;
				LD_RUNPATH_SEARCH_PATHS = "$(inherited) @executable_path/Frameworks @loader_path/Frameworks";
				PRODUCT_BUNDLE_IDENTIFIER = com.baercode.WeatherBaerSwiftTests;
				PRODUCT_NAME = "$(TARGET_NAME)";
				SWIFT_VERSION = 3.0;
				TEST_HOST = "$(BUILT_PRODUCTS_DIR)/WeatherBaerSwift.app/WeatherBaerSwift";
			};
			name = Debug;
		};
		71CD810D1C5B283000C8B4E5 /* Release */ = {
			isa = XCBuildConfiguration;
			buildSettings = {
				BUNDLE_LOADER = "$(TEST_HOST)";
				INFOPLIST_FILE = WeatherBaerSwiftTests/Info.plist;
				LD_RUNPATH_SEARCH_PATHS = "$(inherited) @executable_path/Frameworks @loader_path/Frameworks";
				PRODUCT_BUNDLE_IDENTIFIER = com.baercode.WeatherBaerSwiftTests;
				PRODUCT_NAME = "$(TARGET_NAME)";
				SWIFT_VERSION = 3.0;
				TEST_HOST = "$(BUILT_PRODUCTS_DIR)/WeatherBaerSwift.app/WeatherBaerSwift";
			};
			name = Release;
		};
/* End XCBuildConfiguration section */

/* Begin XCConfigurationList section */
		71CD80E61C5B283000C8B4E5 /* Build configuration list for PBXProject "WeatherBaerSwift" */ = {
			isa = XCConfigurationList;
			buildConfigurations = (
				71CD81061C5B283000C8B4E5 /* Debug */,
				71CD81071C5B283000C8B4E5 /* Release */,
			);
			defaultConfigurationIsVisible = 0;
			defaultConfigurationName = Release;
		};
		71CD81081C5B283000C8B4E5 /* Build configuration list for PBXNativeTarget "WeatherBaerSwift" */ = {
			isa = XCConfigurationList;
			buildConfigurations = (
				71CD81091C5B283000C8B4E5 /* Debug */,
				71CD810A1C5B283000C8B4E5 /* Release */,
			);
			defaultConfigurationIsVisible = 0;
			defaultConfigurationName = Release;
		};
		71CD810B1C5B283000C8B4E5 /* Build configuration list for PBXNativeTarget "WeatherBaerSwiftTests" */ = {
			isa = XCConfigurationList;
			buildConfigurations = (
				71CD810C1C5B283000C8B4E5 /* Debug */,
				71CD810D1C5B283000C8B4E5 /* Release */,
			);
			defaultConfigurationIsVisible = 0;
			defaultConfigurationName = Release;
		};
/* End XCConfigurationList section */
	};
	rootObject = 71CD80E31C5B283000C8B4E5 /* Project object */;
}
